version = 1
revision = 3
requires-python = "==3.12.*"

[[package]]
name = "html5lib"
version = "1.1"
source = { registry = "https://pypi.org/simple" }
dependencies = [
    { name = "six" },
    { name = "webencodings" },
]
sdist = { url = "https://files.pythonhosted.org/packages/ac/b6/b55c3f49042f1df3dcd422b7f224f939892ee94f22abcf503a9b7339eaf2/html5lib-1.1.tar.gz", hash = "sha256:b2e5b40261e20f354d198eae92afc10d750afb487ed5e50f9c4eaf07c184146f", size = 272215, upload-time = "2020-06-22T23:32:38.834Z" }
wheels = [
    { url = "https://files.pythonhosted.org/packages/6c/dd/a834df6482147d48e225a49515aabc28974ad5a4ca3215c18a882565b028/html5lib-1.1-py2.py3-none-any.whl", hash = "sha256:0d78f8fde1c230e99fe37986a60526d7049ed4bf8a9fadbad5f00e22e58e041d", size = 112173, upload-time = "2020-06-22T23:32:36.781Z" },
]

[[package]]
name = "isodate"
version = "0.6.1"
source = { registry = "https://pypi.org/simple" }
dependencies = [
    { name = "six" },
]
sdist = { url = "https://files.pythonhosted.org/packages/db/7a/c0a56c7d56c7fa723988f122fa1f1ccf8c5c4ccc48efad0d214b49e5b1af/isodate-0.6.1.tar.gz", hash = "sha256:48c5881de7e8b0a0d648cb024c8062dc84e7b840ed81e864c7614fd3c127bde9", size = 28443, upload-time = "2021-12-13T20:28:31.525Z" }
wheels = [
    { url = "https://files.pythonhosted.org/packages/b6/85/7882d311924cbcfc70b1890780763e36ff0b140c7e51c110fc59a532f087/isodate-0.6.1-py2.py3-none-any.whl", hash = "sha256:0751eece944162659049d35f4f549ed815792b38793f07cf73381c1c87cbed96", size = 41722, upload-time = "2021-12-13T20:28:29.073Z" },
]

[[package]]
name = "min-ontology"
version = "2.1.0"
source = { editable = "." }
dependencies = [
    { name = "pyshacl" },
    { name = "rdflib" },
]

[package.metadata]
requires-dist = [
    { name = "pyshacl", specifier = "==0.28.1" },
    { name = "rdflib", specifier = "==7.0.0" },
]

[[package]]
name = "owlrl"
version = "6.0.2"
source = { registry = "https://pypi.org/simple" }
dependencies = [
    { name = "rdflib" },
]
sdist = { url = "https://files.pythonhosted.org/packages/7d/c7/208aece36279e4f1236e437119358786e39530ecc1719d4e1afeddba5288/owlrl-6.0.2.tar.gz", hash = "sha256:904e3310ff4df15101475776693d2427d1f8244ee9a6a9f9e13c3c57fae90b74", size = 57179, upload-time = "2021-10-10T12:52:04.161Z" }
wheels = [
    { url = "https://files.pythonhosted.org/packages/9d/56/11fe63c2c317347f69be17e9ece1991e0ec6c2cdb8225c0baa5b96e283ed/owlrl-6.0.2-py3-none-any.whl", hash = "sha256:57eca06b221edbbc682376c8d42e2ddffc99f61e82c0da02e26735592f08bacc", size = 54516, upload-time = "2021-10-10T12:52:01.711Z" },
]

[[package]]
name = "packaging"
version = "26.0"
source = { registry = "https://pypi.org/simple" }
sdist = { url = "https://files.pythonhosted.org/packages/65/ee/299d360cdc32edc7d2cf530f3accf79c4fca01e96ffc950d8a52213bd8e4/packaging-26.0.tar.gz", hash = "sha256:00243ae351a257117b6a241061796684b084ed1c516a08c48a3f7e147a9d80b4", size = 143416, upload-time = "2026-01-21T20:50:39.064Z" }
wheels = [
    { url = "https://files.pythonhosted.org/packages/b7/b9/c538f279a4e237a006a2c98387d081e9eb060d203d8ed34467cc0f0b9b53/packaging-26.0-py3-none-any.whl", hash = "sha256:b36f1fef9334a5588b4166f8bcd26a14e521f2b55e6b9de3aaa80d3ff7a37529", size = 74366, upload-time = "2026-01-21T20:50:37.788Z" },
]

[[package]]
name = "prettytable"
version = "3.17.0"
source = { registry = "https://pypi.org/simple" }
dependencies = [
    { name = "wcwidth" },
]
sdist = { url = "https://files.pythonhosted.org/packages/79/45/b0847d88d6cfeb4413566738c8bbf1e1995fad3d42515327ff32cc1eb578/prettytable-3.17.0.tar.gz", hash = "sha256:59f2590776527f3c9e8cf9fe7b66dd215837cca96a9c39567414cbc632e8ddb0", size = 67892, upload-time = "2025-11-14T17:33:20.212Z" }
wheels = [
    { url = "https://files.pythonhosted.org/packages/ee/8c/83087ebc47ab0396ce092363001fa37c17153119ee282700c0713a195853/prettytable-3.17.0-py3-none-any.whl", hash = "sha256:aad69b294ddbe3e1f95ef8886a060ed1666a0b83018bbf56295f6f226c43d287", size = 34433, upload-time = "2025-11-14T17:33:19.093Z" },
]

[[package]]
name = "pyparsing"
version = "3.3.2"
source = { registry = "https://pypi.org/simple" }
sdist = { url = "https://files.pythonhosted.org/packages/f3/91/9c6ee907786a473bf81c5f53cf703ba0957b23ab84c264080fb5a450416f/pyparsing-3.3.2.tar.gz", hash = "sha256:c777f4d763f140633dcb6d8a3eda953bf7a214dc4eff598413c070bcdc117cbc", size = 6851574, upload-time = "2026-01-21T03:57:59.36Z" }
wheels = [
    { url = "https://files.pythonhosted.org/packages/10/bd/c038d7cc38edc1aa5bf91ab8068b63d4308c66c4c8bb3cbba7dfbc049f9c/pyparsing-3.3.2-py3-none-any.whl", hash = "sha256:850ba148bd908d7e2411587e247a1e4f0327839c40e2e5e6d05a007ecc69911d", size = 122781, upload-time = "2026-01-21T03:57:55.912Z" },
]

[[package]]
name = "pyshacl"
version = "0.28.1"
source = { registry = "https://pypi.org/simple" }
dependencies = [
    { name = "owlrl" },
    { name = "packaging" },
    { name = "prettytable" },
    { name = "rdflib", extra = ["html"] },
]
sdist = { url = "https://files.pythonhosted.org/packages/61/55/370d2bae6eb2d6302caac1eba2c1ad365fbb43c4d4805d00367839b3089c/pyshacl-0.28.1.tar.gz", hash = "sha256:c98e1927541f0cbeb0ba27f3fbe585d638281d6e63f314462dcc32282b3c8353", size = 1399231, upload-time = "2024-10-25T11:42:22.459Z" }
wheels = [
    { url = "https://files.pythonhosted.org/packages/47/17/57f5e48a856b70715b86b228ed4211fa0447e38c32eec6fd7c30239d5ea9/pyshacl-0.28.1-py3-none-any.whl", hash = "sha256:345fe96fb2f38218c53a0f977329ed0aa1a54256526bf6de62243ac7ae823d6b", size = 1321044, upload-time = "2024-10-25T11:42:19.285Z" },
]

[[package]]
name = "rdflib"
version = "7.0.0"
source = { registry = "https://pypi.org/simple" }
dependencies = [
    { name = "isodate" },
    { name = "pyparsing" },
]
sdist = { url = "https://files.pythonhosted.org/packages/0d/a3/63740490a392921a611cfc05b5b17bffd4259b3c9589c7904a4033b3d291/rdflib-7.0.0.tar.gz", hash = "sha256:9995eb8569428059b8c1affd26b25eac510d64f5043d9ce8c84e0d0036e995ae", size = 4765796, upload-time = "2023-08-01T21:14:57.338Z" }
wheels = [
    { url = "https://files.pythonhosted.org/packages/d4/b0/7b7d8b5b0d01f1a0b12cc2e5038a868ef3a15825731b8a0d776cf47566c0/rdflib-7.0.0-py3-none-any.whl", hash = "sha256:0438920912a642c866a513de6fe8a0001bd86ef975057d6962c79ce4771687cd", size = 531912, upload-time = "2023-08-01T21:14:52.851Z" },
]

[package.optional-dependencies]
html = [
    { name = "html5lib" },
]

[[package]]
name = "six"
version = "1.17.0"
source = { registry = "https://pypi.org/simple" }
sdist = { url = "https://files.pythonhosted.org/packages/94/e7/b2c673351809dca68a0e064b6af791aa332cf192da575fd474ed7d6f16a2/six-1.17.0.tar.gz", hash = "sha256:ff70335d468e7eb6ec65b95b99d3a2836546063f63acc5171de367e834932a81", size = 34031, upload-time = "2024-12-04T17:35:28.174Z" }
wheels = [
    { url = "https://files.pythonhosted.org/packages/b7/ce/149a00dd41f10bc29e5921b496af8b574d8413afcd5e30dfa0ed46c2cc5e/six-1.17.0-py2.py3-none-any.whl", hash = "sha256:4721f391ed90541fddacab5acf947aa0d3dc7d27b2e1e8eda2be8970586c3274", size = 11050, upload-time = "2024-12-04T17:35:26.475Z" },
]

[[package]]
name = "wcwidth"
version = "0.6.0"
source = { registry = "https://pypi.org/simple" }
sdist = { url = "https://files.pythonhosted.org/packages/35/a2/8e3becb46433538a38726c948d3399905a4c7cabd0df578ede5dc51f0ec2/wcwidth-0.6.0.tar.gz", hash = "sha256:cdc4e4262d6ef9a1a57e018384cbeb1208d8abbc64176027e2c2455c81313159", size = 159684, upload-time = "2026-02-06T19:19:40.919Z" }
wheels = [
    { url = "https://files.pythonhosted.org/packages/68/5a/199c59e0a824a3db2b89c5d2dade7ab5f9624dbf6448dc291b46d5ec94d3/wcwidth-0.6.0-py3-none-any.whl", hash = "sha256:1a3a1e510b553315f8e146c54764f4fb6264ffad731b3d78088cdb1478ffbdad", size = 94189, upload-time = "2026-02-06T19:19:39.646Z" },
]

[[package]]
name = "webencodings"
version = "0.5.1"
source = { registry = "https://pypi.org/simple" }
sdist = { url = "https://files.pythonhosted.org/packages/0b/02/ae6ceac1baeda530866a85075641cec12989bd8d31af6d5ab4a3e8c92f47/webencodings-0.5.1.tar.gz", hash = "sha256:b36a1c245f2d304965eb4e0a82848379241dc04b865afcc4aab16748587e1923", size = 9721, upload-time = "2017-04-05T20:21:34.189Z" }
wheels = [
    { url = "https://files.pythonhosted.org/packages/f4/24/2a3e3df732393fed8b3ebf2ec078f05546de641fe1b667ee316ec1dcf3b7/webencodings-0.5.1-py2.py3-none-any.whl", hash = "sha256:a0af1213f3c2226497a97e2b3aa01a7e4bee4f403f95be16fc9acd2947514a78", size = 11774, upload-time = "2017-04-05T20:21:32.581Z" },
]
